
Microsoft Visual Studio Solution File, Format Version 12.00
# Visual Studio 2013
VisualStudioVersion = 12.0.30501.0
MinimumVisualStudioVersion = 10.0.40219.1
Project("{FAE04EC0-301F-11D3-BF4B-00C04F79EFBC}") = "MemoryGame.WindowsUI", "MemoryGame.WindowsUI\MemoryGame.WindowsUI.csproj", "{D5B1B854-3A6F-458C-A0D9-872D7EA24A89}"
EndProject
Project("{FAE04EC0-301F-11D3-BF4B-00C04F79EFBC}") = "MemoryGame.Logic", "MemoryGame\MemoryGame.Logic.csproj", "{9525E5FB-D058-4600-B1DE-E1B7B003616B}"
EndProject
Global
	GlobalSection(SolutionConfigurationPlatforms) = preSolution
		Debug|Any CPU = Debug|Any CPU
		Release|Any CPU = Release|Any CPU
	EndGlobalSection
	GlobalSection(ProjectConfigurationPlatforms) = postSolution
		{D5B1B854-3A6F-458C-A0D9-872D7EA24A89}.Debug|Any CPU.ActiveCfg = Debug|Any CPU
		{D5B1B854-3A6F-458C-A0D9-872D7EA24A89}.Debug|Any CPU.Build.0 = Debug|Any CPU
		{D5B1B854-3A6F-458C-A0D9-872D7EA24A89}.Release|Any CPU.ActiveCfg = Release|Any CPU
		{D5B1B854-3A6F-458C-A0D9-872D7EA24A89}.Release|Any CPU.Build.0 = Release|Any CPU
		{9525E5FB-D058-4600-B1DE-E1B7B003616B}.Debug|Any CPU.ActiveCfg = Debug|Any CPU
		{9525E5FB-D058-4600-B1DE-E1B7B003616B}.Debug|Any CPU.Build.0 = Debug|Any CPU
		{9525E5FB-D058-4600-B1DE-E1B7B003616B}.Release|Any CPU.ActiveCfg = Release|Any CPU
		{9525E5FB-D058-4600-B1DE-E1B7B003616B}.Release|Any CPU.Build.0 = Release|Any CPU
	EndGlobalSection
	GlobalSection(SolutionProperties) = preSolution
		HideSolutionNode = FALSE
	EndGlobalSection
EndGlobal
